// !$*UTF8*$!
{
	archiveVersion = 1;
	classes = {
	};
	objectVersion = 46;
	objects = {

/* Begin PBXBuildFile section */
		2F8CCA5EC20EAE05389C75E8 /* API_Keys.swift in Sources */ = {isa = PBXBuildFile; fileRef = 2F8CC7CB2CF824F807AE206C /* API_Keys.swift */; };
		322F6DA4BE1C0E20B005921C /* Pods_Ranklist.framework in Frameworks */ = {isa = PBXBuildFile; fileRef = A13E46D25B7DEC1747EF45AC /* Pods_Ranklist.framework */; };
		3322618C1DF9A7FC00ADF27D /* NotificationCenter.framework in Frameworks */ = {isa = PBXBuildFile; fileRef = 3322618B1DF9A7FC00ADF27D /* NotificationCenter.framework */; };
		3322618F1DF9A7FC00ADF27D /* TodayViewController.swift in Sources */ = {isa = PBXBuildFile; fileRef = 3322618E1DF9A7FC00ADF27D /* TodayViewController.swift */; };
		332261921DF9A7FD00ADF27D /* MainInterface.storyboard in Resources */ = {isa = PBXBuildFile; fileRef = 332261901DF9A7FD00ADF27D /* MainInterface.storyboard */; };
		332261961DF9A7FD00ADF27D /* RankWidget.appex in Embed App Extensions */ = {isa = PBXBuildFile; fileRef = 3322618A1DF9A7FC00ADF27D /* RankWidget.appex */; settings = {ATTRIBUTES = (RemoveHeadersOnCopy, ); }; };
		335DDEF61C3FCDE900750514 /* AppDelegate.swift in Sources */ = {isa = PBXBuildFile; fileRef = 335DDEF51C3FCDE900750514 /* AppDelegate.swift */; };
		335DDEF81C3FCDE900750514 /* IntroViewController.swift in Sources */ = {isa = PBXBuildFile; fileRef = 335DDEF71C3FCDE900750514 /* IntroViewController.swift */; };
		335DDEFB1C3FCDE900750514 /* Main.storyboard in Resources */ = {isa = PBXBuildFile; fileRef = 335DDEF91C3FCDE900750514 /* Main.storyboard */; };
		335DDEFD1C3FCDE900750514 /* Assets.xcassets in Resources */ = {isa = PBXBuildFile; fileRef = 335DDEFC1C3FCDE900750514 /* Assets.xcassets */; };
		335DDF0B1C3FCDE900750514 /* RanklistTests.swift in Sources */ = {isa = PBXBuildFile; fileRef = 335DDF0A1C3FCDE900750514 /* RanklistTests.swift */; };
		335DDF161C3FCDE900750514 /* RanklistUITests.swift in Sources */ = {isa = PBXBuildFile; fileRef = 335DDF151C3FCDE900750514 /* RanklistUITests.swift */; };
		61E1B6CE1E0D12B48AD9DB5E /* Pods_RankWidget.framework in Frameworks */ = {isa = PBXBuildFile; fileRef = 94070E2A123FD4F307E9EFE6 /* Pods_RankWidget.framework */; };
		DB20FF772211B20400CD1847 /* APIError.swift in Sources */ = {isa = PBXBuildFile; fileRef = DB20FF762211B20400CD1847 /* APIError.swift */; };
		DB20FF7C2211D13600CD1847 /* DateExtension.swift in Sources */ = {isa = PBXBuildFile; fileRef = DB20FF7B2211D13600CD1847 /* DateExtension.swift */; };
		DB20FF842211D14100CD1847 /* MweekCell.swift in Sources */ = {isa = PBXBuildFile; fileRef = DB20FF7E2211D14100CD1847 /* MweekCell.swift */; };
		DB20FF852211D14100CD1847 /* MdayCell.swift in Sources */ = {isa = PBXBuildFile; fileRef = DB20FF7F2211D14100CD1847 /* MdayCell.swift */; };
		DB20FF862211D14100CD1847 /* MovieAPI.swift in Sources */ = {isa = PBXBuildFile; fileRef = DB20FF802211D14100CD1847 /* MovieAPI.swift */; };
		DB20FF872211D14100CD1847 /* MovieWeekTableViewController.swift in Sources */ = {isa = PBXBuildFile; fileRef = DB20FF812211D14100CD1847 /* MovieWeekTableViewController.swift */; };
		DB20FF882211D14100CD1847 /* MovieVO.swift in Sources */ = {isa = PBXBuildFile; fileRef = DB20FF822211D14100CD1847 /* MovieVO.swift */; };
		DB20FF892211D14100CD1847 /* MovieDayTableViewController.swift in Sources */ = {isa = PBXBuildFile; fileRef = DB20FF832211D14100CD1847 /* MovieDayTableViewController.swift */; };
		DB20FF912211D14700CD1847 /* MusicVO.swift in Sources */ = {isa = PBXBuildFile; fileRef = DB20FF8B2211D14700CD1847 /* MusicVO.swift */; };
		DB20FF922211D14700CD1847 /* NewMusicTableViewController.swift in Sources */ = {isa = PBXBuildFile; fileRef = DB20FF8C2211D14700CD1847 /* NewMusicTableViewController.swift */; };
		DB20FF932211D14700CD1847 /* MusicAPI.swift in Sources */ = {isa = PBXBuildFile; fileRef = DB20FF8D2211D14700CD1847 /* MusicAPI.swift */; };
		DB20FF942211D14700CD1847 /* MusicTableViewController.swift in Sources */ = {isa = PBXBuildFile; fileRef = DB20FF8E2211D14700CD1847 /* MusicTableViewController.swift */; };
		DB20FF952211D14700CD1847 /* MusicCell.swift in Sources */ = {isa = PBXBuildFile; fileRef = DB20FF8F2211D14700CD1847 /* MusicCell.swift */; };
		DB20FF962211D14700CD1847 /* NewreleaseCell.swift in Sources */ = {isa = PBXBuildFile; fileRef = DB20FF902211D14700CD1847 /* NewreleaseCell.swift */; };
		DB20FF992211D14E00CD1847 /* WebViewController.swift in Sources */ = {isa = PBXBuildFile; fileRef = DB20FF982211D14E00CD1847 /* WebViewController.swift */; };
		DB20FF9B2211F21F00CD1847 /* WKUIDelegate.swift in Sources */ = {isa = PBXBuildFile; fileRef = DB20FF9A2211F21F00CD1847 /* WKUIDelegate.swift */; };
		DB20FF9D2211F24A00CD1847 /* WKNavigationDelegate.swift in Sources */ = {isa = PBXBuildFile; fileRef = DB20FF9C2211F24A00CD1847 /* WKNavigationDelegate.swift */; };
/* End PBXBuildFile section */

/* Begin PBXContainerItemProxy section */
		332261941DF9A7FD00ADF27D /* PBXContainerItemProxy */ = {
			isa = PBXContainerItemProxy;
			containerPortal = 335DDEEA1C3FCDE800750514 /* Project object */;
			proxyType = 1;
			remoteGlobalIDString = 332261891DF9A7FC00ADF27D;
			remoteInfo = RankWidget;
		};
		335DDF071C3FCDE900750514 /* PBXContainerItemProxy */ = {
			isa = PBXContainerItemProxy;
			containerPortal = 335DDEEA1C3FCDE800750514 /* Project object */;
			proxyType = 1;
			remoteGlobalIDString = 335DDEF11C3FCDE800750514;
			remoteInfo = Ranklist;
		};
		335DDF121C3FCDE900750514 /* PBXContainerItemProxy */ = {
			isa = PBXContainerItemProxy;
			containerPortal = 335DDEEA1C3FCDE800750514 /* Project object */;
			proxyType = 1;
			remoteGlobalIDString = 335DDEF11C3FCDE800750514;
			remoteInfo = Ranklist;
		};
/* End PBXContainerItemProxy section */

/* Begin PBXCopyFilesBuildPhase section */
		3322619A1DF9A7FD00ADF27D /* Embed App Extensions */ = {
			isa = PBXCopyFilesBuildPhase;
			buildActionMask = 2147483647;
			dstPath = "";
			dstSubfolderSpec = 13;
			files = (
				332261961DF9A7FD00ADF27D /* RankWidget.appex in Embed App Extensions */,
			);
			name = "Embed App Extensions";
			runOnlyForDeploymentPostprocessing = 0;
		};
/* End PBXCopyFilesBuildPhase section */

/* Begin PBXFileReference section */
		05E49947E8F2088843DC4EAF /* Pods-RankWidget.release.xcconfig */ = {isa = PBXFileReference; includeInIndex = 1; lastKnownFileType = text.xcconfig; name = "Pods-RankWidget.release.xcconfig"; path = "Pods/Target Support Files/Pods-RankWidget/Pods-RankWidget.release.xcconfig"; sourceTree = "<group>"; };
		1DA361EB5CB9B9752BA9B28C /* Pods-Ranklist.debug.xcconfig */ = {isa = PBXFileReference; includeInIndex = 1; lastKnownFileType = text.xcconfig; name = "Pods-Ranklist.debug.xcconfig"; path = "Pods/Target Support Files/Pods-Ranklist/Pods-Ranklist.debug.xcconfig"; sourceTree = "<group>"; };
		1ED08A72514F272DFE9577EF /* Pods-RankWidget.debug.xcconfig */ = {isa = PBXFileReference; includeInIndex = 1; lastKnownFileType = text.xcconfig; name = "Pods-RankWidget.debug.xcconfig"; path = "Pods/Target Support Files/Pods-RankWidget/Pods-RankWidget.debug.xcconfig"; sourceTree = "<group>"; };
		2F8CC7CB2CF824F807AE206C /* API_Keys.swift */ = {isa = PBXFileReference; fileEncoding = 4; lastKnownFileType = sourcecode.swift; path = API_Keys.swift; sourceTree = "<group>"; };
		3322618A1DF9A7FC00ADF27D /* RankWidget.appex */ = {isa = PBXFileReference; explicitFileType = "wrapper.app-extension"; includeInIndex = 0; path = RankWidget.appex; sourceTree = BUILT_PRODUCTS_DIR; };
		3322618B1DF9A7FC00ADF27D /* NotificationCenter.framework */ = {isa = PBXFileReference; lastKnownFileType = wrapper.framework; name = NotificationCenter.framework; path = System/Library/Frameworks/NotificationCenter.framework; sourceTree = SDKROOT; };
		3322618E1DF9A7FC00ADF27D /* TodayViewController.swift */ = {isa = PBXFileReference; lastKnownFileType = sourcecode.swift; path = TodayViewController.swift; sourceTree = "<group>"; };
		332261911DF9A7FD00ADF27D /* Base */ = {isa = PBXFileReference; lastKnownFileType = file.storyboard; name = Base; path = Base.lproj/MainInterface.storyboard; sourceTree = "<group>"; };
		332261931DF9A7FD00ADF27D /* Info.plist */ = {isa = PBXFileReference; lastKnownFileType = text.plist.xml; path = Info.plist; sourceTree = "<group>"; };
		335DDEF21C3FCDE800750514 /* Ranklist.app */ = {isa = PBXFileReference; explicitFileType = wrapper.application; includeInIndex = 0; path = Ranklist.app; sourceTree = BUILT_PRODUCTS_DIR; };
		335DDEF51C3FCDE900750514 /* AppDelegate.swift */ = {isa = PBXFileReference; lastKnownFileType = sourcecode.swift; path = AppDelegate.swift; sourceTree = "<group>"; };
		335DDEF71C3FCDE900750514 /* IntroViewController.swift */ = {isa = PBXFileReference; lastKnownFileType = sourcecode.swift; path = IntroViewController.swift; sourceTree = "<group>"; };
		335DDEFA1C3FCDE900750514 /* Base */ = {isa = PBXFileReference; lastKnownFileType = file.storyboard; name = Base; path = Base.lproj/Main.storyboard; sourceTree = "<group>"; };
		335DDEFC1C3FCDE900750514 /* Assets.xcassets */ = {isa = PBXFileReference; lastKnownFileType = folder.assetcatalog; path = Assets.xcassets; sourceTree = "<group>"; };
		335DDEFF1C3FCDE900750514 /* Base */ = {isa = PBXFileReference; lastKnownFileType = file.storyboard; name = Base; path = Base.lproj/LaunchScreen.storyboard; sourceTree = "<group>"; };
		335DDF011C3FCDE900750514 /* Info.plist */ = {isa = PBXFileReference; lastKnownFileType = text.plist.xml; path = Info.plist; sourceTree = "<group>"; };
		335DDF061C3FCDE900750514 /* RanklistTests.xctest */ = {isa = PBXFileReference; explicitFileType = wrapper.cfbundle; includeInIndex = 0; path = RanklistTests.xctest; sourceTree = BUILT_PRODUCTS_DIR; };
		335DDF0A1C3FCDE900750514 /* RanklistTests.swift */ = {isa = PBXFileReference; lastKnownFileType = sourcecode.swift; path = RanklistTests.swift; sourceTree = "<group>"; };
		335DDF0C1C3FCDE900750514 /* Info.plist */ = {isa = PBXFileReference; lastKnownFileType = text.plist.xml; path = Info.plist; sourceTree = "<group>"; };
		335DDF111C3FCDE900750514 /* RanklistUITests.xctest */ = {isa = PBXFileReference; explicitFileType = wrapper.cfbundle; includeInIndex = 0; path = RanklistUITests.xctest; sourceTree = BUILT_PRODUCTS_DIR; };
		335DDF151C3FCDE900750514 /* RanklistUITests.swift */ = {isa = PBXFileReference; lastKnownFileType = sourcecode.swift; path = RanklistUITests.swift; sourceTree = "<group>"; };
		335DDF171C3FCDE900750514 /* Info.plist */ = {isa = PBXFileReference; lastKnownFileType = text.plist.xml; path = Info.plist; sourceTree = "<group>"; };
		94070E2A123FD4F307E9EFE6 /* Pods_RankWidget.framework */ = {isa = PBXFileReference; explicitFileType = wrapper.framework; includeInIndex = 0; path = Pods_RankWidget.framework; sourceTree = BUILT_PRODUCTS_DIR; };
		99F10ED274DBE8EA39473273 /* Pods-Ranklist.release.xcconfig */ = {isa = PBXFileReference; includeInIndex = 1; lastKnownFileType = text.xcconfig; name = "Pods-Ranklist.release.xcconfig"; path = "Pods/Target Support Files/Pods-Ranklist/Pods-Ranklist.release.xcconfig"; sourceTree = "<group>"; };
		A13E46D25B7DEC1747EF45AC /* Pods_Ranklist.framework */ = {isa = PBXFileReference; explicitFileType = wrapper.framework; includeInIndex = 0; path = Pods_Ranklist.framework; sourceTree = BUILT_PRODUCTS_DIR; };
		DB20FF762211B20400CD1847 /* APIError.swift */ = {isa = PBXFileReference; lastKnownFileType = sourcecode.swift; path = APIError.swift; sourceTree = "<group>"; };
		DB20FF7B2211D13600CD1847 /* DateExtension.swift */ = {isa = PBXFileReference; fileEncoding = 4; lastKnownFileType = sourcecode.swift; path = DateExtension.swift; sourceTree = "<group>"; };
		DB20FF7E2211D14100CD1847 /* MweekCell.swift */ = {isa = PBXFileReference; fileEncoding = 4; lastKnownFileType = sourcecode.swift; path = MweekCell.swift; sourceTree = "<group>"; };
		DB20FF7F2211D14100CD1847 /* MdayCell.swift */ = {isa = PBXFileReference; fileEncoding = 4; lastKnownFileType = sourcecode.swift; path = MdayCell.swift; sourceTree = "<group>"; };
		DB20FF802211D14100CD1847 /* MovieAPI.swift */ = {isa = PBXFileReference; fileEncoding = 4; lastKnownFileType = sourcecode.swift; path = MovieAPI.swift; sourceTree = "<group>"; };
		DB20FF812211D14100CD1847 /* MovieWeekTableViewController.swift */ = {isa = PBXFileReference; fileEncoding = 4; lastKnownFileType = sourcecode.swift; path = MovieWeekTableViewController.swift; sourceTree = "<group>"; };
		DB20FF822211D14100CD1847 /* MovieVO.swift */ = {isa = PBXFileReference; fileEncoding = 4; lastKnownFileType = sourcecode.swift; path = MovieVO.swift; sourceTree = "<group>"; };
		DB20FF832211D14100CD1847 /* MovieDayTableViewController.swift */ = {isa = PBXFileReference; fileEncoding = 4; lastKnownFileType = sourcecode.swift; path = MovieDayTableViewController.swift; sourceTree = "<group>"; };
		DB20FF8B2211D14700CD1847 /* MusicVO.swift */ = {isa = PBXFileReference; fileEncoding = 4; lastKnownFileType = sourcecode.swift; path = MusicVO.swift; sourceTree = "<group>"; };
		DB20FF8C2211D14700CD1847 /* NewMusicTableViewController.swift */ = {isa = PBXFileReference; fileEncoding = 4; lastKnownFileType = sourcecode.swift; path = NewMusicTableViewController.swift; sourceTree = "<group>"; };
		DB20FF8D2211D14700CD1847 /* MusicAPI.swift */ = {isa = PBXFileReference; fileEncoding = 4; lastKnownFileType = sourcecode.swift; path = MusicAPI.swift; sourceTree = "<group>"; };
		DB20FF8E2211D14700CD1847 /* MusicTableViewController.swift */ = {isa = PBXFileReference; fileEncoding = 4; lastKnownFileType = sourcecode.swift; path = MusicTableViewController.swift; sourceTree = "<group>"; };
		DB20FF8F2211D14700CD1847 /* MusicCell.swift */ = {isa = PBXFileReference; fileEncoding = 4; lastKnownFileType = sourcecode.swift; path = MusicCell.swift; sourceTree = "<group>"; };
		DB20FF902211D14700CD1847 /* NewreleaseCell.swift */ = {isa = PBXFileReference; fileEncoding = 4; lastKnownFileType = sourcecode.swift; path = NewreleaseCell.swift; sourceTree = "<group>"; };
		DB20FF982211D14E00CD1847 /* WebViewController.swift */ = {isa = PBXFileReference; fileEncoding = 4; lastKnownFileType = sourcecode.swift; path = WebViewController.swift; sourceTree = "<group>"; };
		DB20FF9A2211F21F00CD1847 /* WKUIDelegate.swift */ = {isa = PBXFileReference; lastKnownFileType = sourcecode.swift; path = WKUIDelegate.swift; sourceTree = "<group>"; };
		DB20FF9C2211F24A00CD1847 /* WKNavigationDelegate.swift */ = {isa = PBXFileReference; lastKnownFileType = sourcecode.swift; path = WKNavigationDelegate.swift; sourceTree = "<group>"; };
/* End PBXFileReference section */

/* Begin PBXFrameworksBuildPhase section */
		332261871DF9A7FC00ADF27D /* Frameworks */ = {
			isa = PBXFrameworksBuildPhase;
			buildActionMask = 2147483647;
			files = (
				3322618C1DF9A7FC00ADF27D /* NotificationCenter.framework in Frameworks */,
				61E1B6CE1E0D12B48AD9DB5E /* Pods_RankWidget.framework in Frameworks */,
			);
			runOnlyForDeploymentPostprocessing = 0;
		};
		335DDEEF1C3FCDE800750514 /* Frameworks */ = {
			isa = PBXFrameworksBuildPhase;
			buildActionMask = 2147483647;
			files = (
				322F6DA4BE1C0E20B005921C /* Pods_Ranklist.framework in Frameworks */,
			);
			runOnlyForDeploymentPostprocessing = 0;
		};
		335DDF031C3FCDE900750514 /* Frameworks */ = {
			isa = PBXFrameworksBuildPhase;
			buildActionMask = 2147483647;
			files = (
			);
			runOnlyForDeploymentPostprocessing = 0;
		};
		335DDF0E1C3FCDE900750514 /* Frameworks */ = {
			isa = PBXFrameworksBuildPhase;
			buildActionMask = 2147483647;
			files = (
			);
			runOnlyForDeploymentPostprocessing = 0;
		};
/* End PBXFrameworksBuildPhase section */

/* Begin PBXGroup section */
		2392DFFC0D3A19E099591BBC /* Frameworks */ = {
			isa = PBXGroup;
			children = (
				A13E46D25B7DEC1747EF45AC /* Pods_Ranklist.framework */,
				3322618B1DF9A7FC00ADF27D /* NotificationCenter.framework */,
				94070E2A123FD4F307E9EFE6 /* Pods_RankWidget.framework */,
			);
			name = Frameworks;
			sourceTree = "<group>";
		};
		3322618D1DF9A7FC00ADF27D /* RankWidget */ = {
			isa = PBXGroup;
			children = (
				3322618E1DF9A7FC00ADF27D /* TodayViewController.swift */,
				332261901DF9A7FD00ADF27D /* MainInterface.storyboard */,
				332261931DF9A7FD00ADF27D /* Info.plist */,
			);
			path = RankWidget;
			sourceTree = "<group>";
		};
		335DDEE91C3FCDE800750514 = {
			isa = PBXGroup;
			children = (
				335DDEF41C3FCDE800750514 /* Ranklist */,
				3322618D1DF9A7FC00ADF27D /* RankWidget */,
				335DDF091C3FCDE900750514 /* RanklistTests */,
				335DDF141C3FCDE900750514 /* RanklistUITests */,
				335DDEF31C3FCDE800750514 /* Products */,
				B9EE55A42AF776CAF723083F /* Pods */,
				2392DFFC0D3A19E099591BBC /* Frameworks */,
			);
			sourceTree = "<group>";
		};
		335DDEF31C3FCDE800750514 /* Products */ = {
			isa = PBXGroup;
			children = (
				335DDEF21C3FCDE800750514 /* Ranklist.app */,
				335DDF061C3FCDE900750514 /* RanklistTests.xctest */,
				335DDF111C3FCDE900750514 /* RanklistUITests.xctest */,
				3322618A1DF9A7FC00ADF27D /* RankWidget.appex */,
			);
			name = Products;
			sourceTree = "<group>";
		};
		335DDEF41C3FCDE800750514 /* Ranklist */ = {
			isa = PBXGroup;
			children = (
				DB20FF7A2211D13600CD1847 /* Extensions */,
				DB20FF7D2211D14100CD1847 /* Movie */,
				DB20FF8A2211D14700CD1847 /* Music */,
				DB20FF972211D14E00CD1847 /* webView */,
				2F8CC7CB2CF824F807AE206C /* API_Keys.swift */,
				DB20FF762211B20400CD1847 /* APIError.swift */,
				335DDEF51C3FCDE900750514 /* AppDelegate.swift */,
				335DDEF71C3FCDE900750514 /* IntroViewController.swift */,
				335DDEF91C3FCDE900750514 /* Main.storyboard */,
				335DDEFE1C3FCDE900750514 /* LaunchScreen.storyboard */,
				335DDEFC1C3FCDE900750514 /* Assets.xcassets */,
				335DDF011C3FCDE900750514 /* Info.plist */,
			);
			path = Ranklist;
			sourceTree = "<group>";
		};
		335DDF091C3FCDE900750514 /* RanklistTests */ = {
			isa = PBXGroup;
			children = (
				335DDF0A1C3FCDE900750514 /* RanklistTests.swift */,
				335DDF0C1C3FCDE900750514 /* Info.plist */,
			);
			path = RanklistTests;
			sourceTree = "<group>";
		};
		335DDF141C3FCDE900750514 /* RanklistUITests */ = {
			isa = PBXGroup;
			children = (
				335DDF151C3FCDE900750514 /* RanklistUITests.swift */,
				335DDF171C3FCDE900750514 /* Info.plist */,
			);
			path = RanklistUITests;
			sourceTree = "<group>";
		};
		B9EE55A42AF776CAF723083F /* Pods */ = {
			isa = PBXGroup;
			children = (
				1DA361EB5CB9B9752BA9B28C /* Pods-Ranklist.debug.xcconfig */,
				99F10ED274DBE8EA39473273 /* Pods-Ranklist.release.xcconfig */,
				1ED08A72514F272DFE9577EF /* Pods-RankWidget.debug.xcconfig */,
				05E49947E8F2088843DC4EAF /* Pods-RankWidget.release.xcconfig */,
			);
			name = Pods;
			sourceTree = "<group>";
		};
		DB20FF7A2211D13600CD1847 /* Extensions */ = {
			isa = PBXGroup;
			children = (
				DB20FF7B2211D13600CD1847 /* DateExtension.swift */,
			);
			path = Extensions;
			sourceTree = "<group>";
		};
		DB20FF7D2211D14100CD1847 /* Movie */ = {
			isa = PBXGroup;
			children = (
				DB20FF822211D14100CD1847 /* MovieVO.swift */,
				DB20FF802211D14100CD1847 /* MovieAPI.swift */,
				DB20FF7E2211D14100CD1847 /* MweekCell.swift */,
				DB20FF812211D14100CD1847 /* MovieWeekTableViewController.swift */,
				DB20FF7F2211D14100CD1847 /* MdayCell.swift */,
				DB20FF832211D14100CD1847 /* MovieDayTableViewController.swift */,
			);
			path = Movie;
			sourceTree = "<group>";
		};
		DB20FF8A2211D14700CD1847 /* Music */ = {
			isa = PBXGroup;
			children = (
				DB20FF8B2211D14700CD1847 /* MusicVO.swift */,
				DB20FF8D2211D14700CD1847 /* MusicAPI.swift */,
				DB20FF8F2211D14700CD1847 /* MusicCell.swift */,
				DB20FF8E2211D14700CD1847 /* MusicTableViewController.swift */,
				DB20FF902211D14700CD1847 /* NewreleaseCell.swift */,
				DB20FF8C2211D14700CD1847 /* NewMusicTableViewController.swift */,
			);
			path = Music;
			sourceTree = "<group>";
		};
		DB20FF972211D14E00CD1847 /* webView */ = {
			isa = PBXGroup;
			children = (
				DB20FF9A2211F21F00CD1847 /* WKUIDelegate.swift */,
				DB20FF9C2211F24A00CD1847 /* WKNavigationDelegate.swift */,
				DB20FF982211D14E00CD1847 /* WebViewController.swift */,
			);
			path = webView;
			sourceTree = "<group>";
		};
/* End PBXGroup section */

/* Begin PBXNativeTarget section */
		332261891DF9A7FC00ADF27D /* RankWidget */ = {
			isa = PBXNativeTarget;
			buildConfigurationList = 332261991DF9A7FD00ADF27D /* Build configuration list for PBXNativeTarget "RankWidget" */;
			buildPhases = (
				012910D0DCEE58A2E398F9E2 /* [CP] Check Pods Manifest.lock */,
				332261861DF9A7FC00ADF27D /* Sources */,
				332261871DF9A7FC00ADF27D /* Frameworks */,
				332261881DF9A7FC00ADF27D /* Resources */,
			);
			buildRules = (
			);
			dependencies = (
			);
			name = RankWidget;
			productName = RankWidget;
			productReference = 3322618A1DF9A7FC00ADF27D /* RankWidget.appex */;
			productType = "com.apple.product-type.app-extension";
		};
		335DDEF11C3FCDE800750514 /* Ranklist */ = {
			isa = PBXNativeTarget;
			buildConfigurationList = 335DDF1A1C3FCDE900750514 /* Build configuration list for PBXNativeTarget "Ranklist" */;
			buildPhases = (
				CE993FBC19D13F01B05B087D /* [CP] Check Pods Manifest.lock */,
				335DDEEE1C3FCDE800750514 /* Sources */,
				335DDEEF1C3FCDE800750514 /* Frameworks */,
				335DDEF01C3FCDE800750514 /* Resources */,
				9A1E5D138B0328D70707D2B5 /* [CP] Embed Pods Frameworks */,
				3322619A1DF9A7FD00ADF27D /* Embed App Extensions */,
			);
			buildRules = (
			);
			dependencies = (
				332261951DF9A7FD00ADF27D /* PBXTargetDependency */,
			);
			name = Ranklist;
			productName = Ranklist;
			productReference = 335DDEF21C3FCDE800750514 /* Ranklist.app */;
			productType = "com.apple.product-type.application";
		};
		335DDF051C3FCDE900750514 /* RanklistTests */ = {
			isa = PBXNativeTarget;
			buildConfigurationList = 335DDF1D1C3FCDE900750514 /* Build configuration list for PBXNativeTarget "RanklistTests" */;
			buildPhases = (
				335DDF021C3FCDE900750514 /* Sources */,
				335DDF031C3FCDE900750514 /* Frameworks */,
				335DDF041C3FCDE900750514 /* Resources */,
			);
			buildRules = (
			);
			dependencies = (
				335DDF081C3FCDE900750514 /* PBXTargetDependency */,
			);
			name = RanklistTests;
			productName = RanklistTests;
			productReference = 335DDF061C3FCDE900750514 /* RanklistTests.xctest */;
			productType = "com.apple.product-type.bundle.unit-test";
		};
		335DDF101C3FCDE900750514 /* RanklistUITests */ = {
			isa = PBXNativeTarget;
			buildConfigurationList = 335DDF201C3FCDE900750514 /* Build configuration list for PBXNativeTarget "RanklistUITests" */;
			buildPhases = (
				335DDF0D1C3FCDE900750514 /* Sources */,
				335DDF0E1C3FCDE900750514 /* Frameworks */,
				335DDF0F1C3FCDE900750514 /* Resources */,
			);
			buildRules = (
			);
			dependencies = (
				335DDF131C3FCDE900750514 /* PBXTargetDependency */,
			);
			name = RanklistUITests;
			productName = RanklistUITests;
			productReference = 335DDF111C3FCDE900750514 /* RanklistUITests.xctest */;
			productType = "com.apple.product-type.bundle.ui-testing";
		};
/* End PBXNativeTarget section */

/* Begin PBXProject section */
		335DDEEA1C3FCDE800750514 /* Project object */ = {
			isa = PBXProject;
			attributes = {
				LastSwiftUpdateCheck = 0810;
				LastUpgradeCheck = 1010;
				ORGANIZATIONNAME = Nebula_MAC;
				TargetAttributes = {
					332261891DF9A7FC00ADF27D = {
						CreatedOnToolsVersion = 8.1;
						DevelopmentTeam = M77W68G9P5;
						LastSwiftMigration = 1010;
						ProvisioningStyle = Automatic;
					};
					335DDEF11C3FCDE800750514 = {
						CreatedOnToolsVersion = 7.2;
						DevelopmentTeam = M77W68G9P5;
						LastSwiftMigration = 1010;
					};
					335DDF051C3FCDE900750514 = {
						CreatedOnToolsVersion = 7.2;
						DevelopmentTeam = FF89HDESAD;
						LastSwiftMigration = 0810;
						TestTargetID = 335DDEF11C3FCDE800750514;
					};
					335DDF101C3FCDE900750514 = {
						CreatedOnToolsVersion = 7.2;
						DevelopmentTeam = FF89HDESAD;
						LastSwiftMigration = 0810;
						TestTargetID = 335DDEF11C3FCDE800750514;
					};
				};
			};
			buildConfigurationList = 335DDEED1C3FCDE800750514 /* Build configuration list for PBXProject "Ranklist" */;
			compatibilityVersion = "Xcode 3.2";
			developmentRegion = English;
			hasScannedForEncodings = 0;
			knownRegions = (
				en,
				Base,
			);
			mainGroup = 335DDEE91C3FCDE800750514;
			productRefGroup = 335DDEF31C3FCDE800750514 /* Products */;
			projectDirPath = "";
			projectRoot = "";
			targets = (
				335DDEF11C3FCDE800750514 /* Ranklist */,
				335DDF051C3FCDE900750514 /* RanklistTests */,
				335DDF101C3FCDE900750514 /* RanklistUITests */,
				332261891DF9A7FC00ADF27D /* RankWidget */,
			);
		};
/* End PBXProject section */

/* Begin PBXResourcesBuildPhase section */
		332261881DF9A7FC00ADF27D /* Resources */ = {
			isa = PBXResourcesBuildPhase;
			buildActionMask = 2147483647;
			files = (
				332261921DF9A7FD00ADF27D /* MainInterface.storyboard in Resources */,
			);
			runOnlyForDeploymentPostprocessing = 0;
		};
		335DDEF01C3FCDE800750514 /* Resources */ = {
			isa = PBXResourcesBuildPhase;
			buildActionMask = 2147483647;
			files = (
				335DDEFD1C3FCDE900750514 /* Assets.xcassets in Resources */,
				335DDEFB1C3FCDE900750514 /* Main.storyboard in Resources */,
			);
			runOnlyForDeploymentPostprocessing = 0;
		};
		335DDF041C3FCDE900750514 /* Resources */ = {
			isa = PBXResourcesBuildPhase;
			buildActionMask = 2147483647;
			files = (
			);
			runOnlyForDeploymentPostprocessing = 0;
		};
		335DDF0F1C3FCDE900750514 /* Resources */ = {
			isa = PBXResourcesBuildPhase;
			buildActionMask = 2147483647;
			files = (
			);
			runOnlyForDeploymentPostprocessing = 0;
		};
/* End PBXResourcesBuildPhase section */

/* Begin PBXShellScriptBuildPhase section */
		012910D0DCEE58A2E398F9E2 /* [CP] Check Pods Manifest.lock */ = {
			isa = PBXShellScriptBuildPhase;
			buildActionMask = 2147483647;
			files = (
			);
			inputPaths = (
				"${PODS_PODFILE_DIR_PATH}/Podfile.lock",
				"${PODS_ROOT}/Manifest.lock",
			);
			name = "[CP] Check Pods Manifest.lock";
			outputPaths = (
				"$(DERIVED_FILE_DIR)/Pods-RankWidget-checkManifestLockResult.txt",
			);
			runOnlyForDeploymentPostprocessing = 0;
			shellPath = /bin/sh;
			shellScript = "diff \"${PODS_PODFILE_DIR_PATH}/Podfile.lock\" \"${PODS_ROOT}/Manifest.lock\" > /dev/null\nif [ $? != 0 ] ; then\n    # print error to STDERR\n    echo \"error: The sandbox is not in sync with the Podfile.lock. Run 'pod install' or update your CocoaPods installation.\" >&2\n    exit 1\nfi\n# This output is used by Xcode 'outputs' to avoid re-running this script phase.\necho \"SUCCESS\" > \"${SCRIPT_OUTPUT_FILE_0}\"\n";
			showEnvVarsInLog = 0;
		};
		9A1E5D138B0328D70707D2B5 /* [CP] Embed Pods Frameworks */ = {
			isa = PBXShellScriptBuildPhase;
			buildActionMask = 2147483647;
			files = (
			);
			inputPaths = (
				"${PODS_ROOT}/Target Support Files/Pods-Ranklist/Pods-Ranklist-frameworks.sh",
				"${BUILT_PRODUCTS_DIR}/Alamofire/Alamofire.framework",
				"${BUILT_PRODUCTS_DIR}/AlamofireImage/AlamofireImage.framework",
				"${BUILT_PRODUCTS_DIR}/Realm/Realm.framework",
				"${BUILT_PRODUCTS_DIR}/RealmSwift/RealmSwift.framework",
				"${BUILT_PRODUCTS_DIR}/SwiftyJSON/SwiftyJSON.framework",
			);
			name = "[CP] Embed Pods Frameworks";
			outputPaths = (
				"${TARGET_BUILD_DIR}/${FRAMEWORKS_FOLDER_PATH}/Alamofire.framework",
				"${TARGET_BUILD_DIR}/${FRAMEWORKS_FOLDER_PATH}/AlamofireImage.framework",
				"${TARGET_BUILD_DIR}/${FRAMEWORKS_FOLDER_PATH}/Realm.framework",
				"${TARGET_BUILD_DIR}/${FRAMEWORKS_FOLDER_PATH}/RealmSwift.framework",
				"${TARGET_BUILD_DIR}/${FRAMEWORKS_FOLDER_PATH}/SwiftyJSON.framework",
			);
			runOnlyForDeploymentPostprocessing = 0;
			shellPath = /bin/sh;
			shellScript = "\"${PODS_ROOT}/Target Support Files/Pods-Ranklist/Pods-Ranklist-frameworks.sh\"\n";
			showEnvVarsInLog = 0;
		};
		CE993FBC19D13F01B05B087D /* [CP] Check Pods Manifest.lock */ = {
			isa = PBXShellScriptBuildPhase;
			buildActionMask = 2147483647;
			files = (
			);
			inputPaths = (
				"${PODS_PODFILE_DIR_PATH}/Podfile.lock",
				"${PODS_ROOT}/Manifest.lock",
			);
			name = "[CP] Check Pods Manifest.lock";
			outputPaths = (
				"$(DERIVED_FILE_DIR)/Pods-Ranklist-checkManifestLockResult.txt",
			);
			runOnlyForDeploymentPostprocessing = 0;
			shellPath = /bin/sh;
			shellScript = "diff \"${PODS_PODFILE_DIR_PATH}/Podfile.lock\" \"${PODS_ROOT}/Manifest.lock\" > /dev/null\nif [ $? != 0 ] ; then\n    # print error to STDERR\n    echo \"error: The sandbox is not in sync with the Podfile.lock. Run 'pod install' or update your CocoaPods installation.\" >&2\n    exit 1\nfi\n# This output is used by Xcode 'outputs' to avoid re-running this script phase.\necho \"SUCCESS\" > \"${SCRIPT_OUTPUT_FILE_0}\"\n";
			showEnvVarsInLog = 0;
		};
/* End PBXShellScriptBuildPhase section */

/* Begin PBXSourcesBuildPhase section */
		332261861DF9A7FC00ADF27D /* Sources */ = {
			isa = PBXSourcesBuildPhase;
			buildActionMask = 2147483647;
			files = (
				3322618F1DF9A7FC00ADF27D /* TodayViewController.swift in Sources */,
			);
			runOnlyForDeploymentPostprocessing = 0;
		};
		335DDEEE1C3FCDE800750514 /* Sources */ = {
			isa = PBXSourcesBuildPhase;
			buildActionMask = 2147483647;
			files = (
				335DDEF81C3FCDE900750514 /* IntroViewController.swift in Sources */,
				DB20FF7C2211D13600CD1847 /* DateExtension.swift in Sources */,
				DB20FF942211D14700CD1847 /* MusicTableViewController.swift in Sources */,
				DB20FF932211D14700CD1847 /* MusicAPI.swift in Sources */,
				DB20FF912211D14700CD1847 /* MusicVO.swift in Sources */,
				DB20FF852211D14100CD1847 /* MdayCell.swift in Sources */,
				DB20FF872211D14100CD1847 /* MovieWeekTableViewController.swift in Sources */,
				DB20FF962211D14700CD1847 /* NewreleaseCell.swift in Sources */,
				DB20FF862211D14100CD1847 /* MovieAPI.swift in Sources */,
				DB20FF772211B20400CD1847 /* APIError.swift in Sources */,
				335DDEF61C3FCDE900750514 /* AppDelegate.swift in Sources */,
				DB20FF9B2211F21F00CD1847 /* WKUIDelegate.swift in Sources */,
				2F8CCA5EC20EAE05389C75E8 /* API_Keys.swift in Sources */,
				DB20FF992211D14E00CD1847 /* WebViewController.swift in Sources */,
				DB20FF952211D14700CD1847 /* MusicCell.swift in Sources */,
				DB20FF922211D14700CD1847 /* NewMusicTableViewController.swift in Sources */,
				DB20FF842211D14100CD1847 /* MweekCell.swift in Sources */,
				DB20FF882211D14100CD1847 /* MovieVO.swift in Sources */,
				DB20FF9D2211F24A00CD1847 /* WKNavigationDelegate.swift in Sources */,
				DB20FF892211D14100CD1847 /* MovieDayTableViewController.swift in Sources */,
			);
			runOnlyForDeploymentPostprocessing = 0;
		};
		335DDF021C3FCDE900750514 /* Sources */ = {
			isa = PBXSourcesBuildPhase;
			buildActionMask = 2147483647;
			files = (
				335DDF0B1C3FCDE900750514 /* RanklistTests.swift in Sources */,
			);
			runOnlyForDeploymentPostprocessing = 0;
		};
		335DDF0D1C3FCDE900750514 /* Sources */ = {
			isa = PBXSourcesBuildPhase;
			buildActionMask = 2147483647;
			files = (
				335DDF161C3FCDE900750514 /* RanklistUITests.swift in Sources */,
			);
			runOnlyForDeploymentPostprocessing = 0;
		};
/* End PBXSourcesBuildPhase section */

/* Begin PBXTargetDependency section */
		332261951DF9A7FD00ADF27D /* PBXTargetDependency */ = {
			isa = PBXTargetDependency;
			target = 332261891DF9A7FC00ADF27D /* RankWidget */;
			targetProxy = 332261941DF9A7FD00ADF27D /* PBXContainerItemProxy */;
		};
		335DDF081C3FCDE900750514 /* PBXTargetDependency */ = {
			isa = PBXTargetDependency;
			target = 335DDEF11C3FCDE800750514 /* Ranklist */;
			targetProxy = 335DDF071C3FCDE900750514 /* PBXContainerItemProxy */;
		};
		335DDF131C3FCDE900750514 /* PBXTargetDependency */ = {
			isa = PBXTargetDependency;
			target = 335DDEF11C3FCDE800750514 /* Ranklist */;
			targetProxy = 335DDF121C3FCDE900750514 /* PBXContainerItemProxy */;
		};
/* End PBXTargetDependency section */

/* Begin PBXVariantGroup section */
		332261901DF9A7FD00ADF27D /* MainInterface.storyboard */ = {
			isa = PBXVariantGroup;
			children = (
				332261911DF9A7FD00ADF27D /* Base */,
			);
			name = MainInterface.storyboard;
			sourceTree = "<group>";
		};
		335DDEF91C3FCDE900750514 /* Main.storyboard */ = {
			isa = PBXVariantGroup;
			children = (
				335DDEFA1C3FCDE900750514 /* Base */,
			);
			name = Main.storyboard;
			sourceTree = "<group>";
		};
		335DDEFE1C3FCDE900750514 /* LaunchScreen.storyboard */ = {
			isa = PBXVariantGroup;
			children = (
				335DDEFF1C3FCDE900750514 /* Base */,
			);
			name = LaunchScreen.storyboard;
			sourceTree = "<group>";
		};
/* End PBXVariantGroup section */

/* Begin XCBuildConfiguration section */
		332261971DF9A7FD00ADF27D /* Debug */ = {
			isa = XCBuildConfiguration;
			baseConfigurationReference = 1ED08A72514F272DFE9577EF /* Pods-RankWidget.debug.xcconfig */;
			buildSettings = {
				CLANG_ANALYZER_NONNULL = YES;
				CLANG_WARN_DOCUMENTATION_COMMENTS = YES;
				CLANG_WARN_SUSPICIOUS_MOVES = YES;
				DEVELOPMENT_TEAM = M77W68G9P5;
				INFOPLIST_FILE = RankWidget/Info.plist;
				IPHONEOS_DEPLOYMENT_TARGET = 9.0;
				LD_RUNPATH_SEARCH_PATHS = "$(inherited) @executable_path/Frameworks @executable_path/../../Frameworks";
				PRODUCT_BUNDLE_IDENTIFIER = app.elonparks.Ranklist.RankWidget;
				PRODUCT_NAME = "$(TARGET_NAME)";
				SKIP_INSTALL = YES;
				SWIFT_ACTIVE_COMPILATION_CONDITIONS = DEBUG;
				SWIFT_SWIFT3_OBJC_INFERENCE = On;
				SWIFT_VERSION = 4.2;
				TARGETED_DEVICE_FAMILY = "1,2";
			};
			name = Debug;
		};
		332261981DF9A7FD00ADF27D /* Release */ = {
			isa = XCBuildConfiguration;
			baseConfigurationReference = 05E49947E8F2088843DC4EAF /* Pods-RankWidget.release.xcconfig */;
			buildSettings = {
				CLANG_ANALYZER_NONNULL = YES;
				CLANG_WARN_DOCUMENTATION_COMMENTS = YES;
				CLANG_WARN_SUSPICIOUS_MOVES = YES;
				DEVELOPMENT_TEAM = M77W68G9P5;
				INFOPLIST_FILE = RankWidget/Info.plist;
				IPHONEOS_DEPLOYMENT_TARGET = 9.0;
				LD_RUNPATH_SEARCH_PATHS = "$(inherited) @executable_path/Frameworks @executable_path/../../Frameworks";
				PRODUCT_BUNDLE_IDENTIFIER = app.elonparks.Ranklist.RankWidget;
				PRODUCT_NAME = "$(TARGET_NAME)";
				SKIP_INSTALL = YES;
				SWIFT_SWIFT3_OBJC_INFERENCE = On;
				SWIFT_VERSION = 4.2;
				TARGETED_DEVICE_FAMILY = "1,2";
			};
			name = Release;
		};
		335DDF181C3FCDE900750514 /* Debug */ = {
			isa = XCBuildConfiguration;
			buildSettings = {
				ALWAYS_SEARCH_USER_PATHS = NO;
				CLANG_CXX_LANGUAGE_STANDARD = "gnu++0x";
				CLANG_CXX_LIBRARY = "libc++";
				CLANG_ENABLE_MODULES = YES;
				CLANG_ENABLE_OBJC_ARC = YES;
				CLANG_WARN_BLOCK_CAPTURE_AUTORELEASING = YES;
				CLANG_WARN_BOOL_CONVERSION = YES;
				CLANG_WARN_COMMA = YES;
				CLANG_WARN_CONSTANT_CONVERSION = YES;
				CLANG_WARN_DEPRECATED_OBJC_IMPLEMENTATIONS = YES;
				CLANG_WARN_DIRECT_OBJC_ISA_USAGE = YES_ERROR;
				CLANG_WARN_EMPTY_BODY = YES;
				CLANG_WARN_ENUM_CONVERSION = YES;
				CLANG_WARN_INFINITE_RECURSION = YES;
				CLANG_WARN_INT_CONVERSION = YES;
				CLANG_WARN_NON_LITERAL_NULL_CONVERSION = YES;
				CLANG_WARN_OBJC_IMPLICIT_RETAIN_SELF = YES;
				CLANG_WARN_OBJC_LITERAL_CONVERSION = YES;
				CLANG_WARN_OBJC_ROOT_CLASS = YES_ERROR;
				CLANG_WARN_RANGE_LOOP_ANALYSIS = YES;
				CLANG_WARN_STRICT_PROTOTYPES = YES;
				CLANG_WARN_SUSPICIOUS_MOVE = YES;
				CLANG_WARN_UNREACHABLE_CODE = YES;
				CLANG_WARN__DUPLICATE_METHOD_MATCH = YES;
				"CODE_SIGN_IDENTITY[sdk=iphoneos*]" = "iPhone Developer";
				COPY_PHASE_STRIP = NO;
				DEBUG_INFORMATION_FORMAT = dwarf;
				ENABLE_STRICT_OBJC_MSGSEND = YES;
				ENABLE_TESTABILITY = YES;
				GCC_C_LANGUAGE_STANDARD = gnu99;
				GCC_DYNAMIC_NO_PIC = NO;
				GCC_NO_COMMON_BLOCKS = YES;
				GCC_OPTIMIZATION_LEVEL = 0;
				GCC_PREPROCESSOR_DEFINITIONS = (
					"DEBUG=1",
					"$(inherited)",
				);
				GCC_WARN_64_TO_32_BIT_CONVERSION = YES;
				GCC_WARN_ABOUT_RETURN_TYPE = YES_ERROR;
				GCC_WARN_UNDECLARED_SELECTOR = YES;
				GCC_WARN_UNINITIALIZED_AUTOS = YES_AGGRESSIVE;
				GCC_WARN_UNUSED_FUNCTION = YES;
				GCC_WARN_UNUSED_VARIABLE = YES;
				IPHONEOS_DEPLOYMENT_TARGET = 9.2;
				MTL_ENABLE_DEBUG_INFO = YES;
				ONLY_ACTIVE_ARCH = YES;
				SDKROOT = iphoneos;
				SWIFT_OPTIMIZATION_LEVEL = "-Onone";
			};
			name = Debug;
		};
		335DDF191C3FCDE900750514 /* Release */ = {
			isa = XCBuildConfiguration;
			buildSettings = {
				ALWAYS_SEARCH_USER_PATHS = NO;
				CLANG_CXX_LANGUAGE_STANDARD = "gnu++0x";
				CLANG_CXX_LIBRARY = "libc++";
				CLANG_ENABLE_MODULES = YES;
				CLANG_ENABLE_OBJC_ARC = YES;
				CLANG_WARN_BLOCK_CAPTURE_AUTORELEASING = YES;
				CLANG_WARN_BOOL_CONVERSION = YES;
				CLANG_WARN_COMMA = YES;
				CLANG_WARN_CONSTANT_CONVERSION = YES;
				CLANG_WARN_DEPRECATED_OBJC_IMPLEMENTATIONS = YES;
				CLANG_WARN_DIRECT_OBJC_ISA_USAGE = YES_ERROR;
				CLANG_WARN_EMPTY_BODY = YES;
				CLANG_WARN_ENUM_CONVERSION = YES;
				CLANG_WARN_INFINITE_RECURSION = YES;
				CLANG_WARN_INT_CONVERSION = YES;
				CLANG_WARN_NON_LITERAL_NULL_CONVERSION = YES;
				CLANG_WARN_OBJC_IMPLICIT_RETAIN_SELF = YES;
				CLANG_WARN_OBJC_LITERAL_CONVERSION = YES;
				CLANG_WARN_OBJC_ROOT_CLASS = YES_ERROR;
				CLANG_WARN_RANGE_LOOP_ANALYSIS = YES;
				CLANG_WARN_STRICT_PROTOTYPES = YES;
				CLANG_WARN_SUSPICIOUS_MOVE = YES;
				CLANG_WARN_UNREACHABLE_CODE = YES;
				CLANG_WARN__DUPLICATE_METHOD_MATCH = YES;
				"CODE_SIGN_IDENTITY[sdk=iphoneos*]" = "iPhone Developer";
				COPY_PHASE_STRIP = NO;
				DEBUG_INFORMATION_FORMAT = "dwarf-with-dsym";
				ENABLE_NS_ASSERTIONS = NO;
				ENABLE_STRICT_OBJC_MSGSEND = YES;
				GCC_C_LANGUAGE_STANDARD = gnu99;
				GCC_NO_COMMON_BLOCKS = YES;
				GCC_WARN_64_TO_32_BIT_CONVERSION = YES;
				GCC_WARN_ABOUT_RETURN_TYPE = YES_ERROR;
				GCC_WARN_UNDECLARED_SELECTOR = YES;
				GCC_WARN_UNINITIALIZED_AUTOS = YES_AGGRESSIVE;
				GCC_WARN_UNUSED_FUNCTION = YES;
				GCC_WARN_UNUSED_VARIABLE = YES;
				IPHONEOS_DEPLOYMENT_TARGET = 9.2;
				MTL_ENABLE_DEBUG_INFO = NO;
				SDKROOT = iphoneos;
				SWIFT_OPTIMIZATION_LEVEL = "-Owholemodule";
				VALIDATE_PRODUCT = YES;
			};
			name = Release;
		};
		335DDF1B1C3FCDE900750514 /* Debug */ = {
			isa = XCBuildConfiguration;
			baseConfigurationReference = 1DA361EB5CB9B9752BA9B28C /* Pods-Ranklist.debug.xcconfig */;
			buildSettings = {
				ALWAYS_EMBED_SWIFT_STANDARD_LIBRARIES = "$(inherited)";
				ASSETCATALOG_COMPILER_APPICON_NAME = AppIcon;
				DEVELOPMENT_TEAM = M77W68G9P5;
				INFOPLIST_FILE = Ranklist/Info.plist;
				IPHONEOS_DEPLOYMENT_TARGET = 9.0;
				LD_RUNPATH_SEARCH_PATHS = "$(inherited) @executable_path/Frameworks";
				PRODUCT_BUNDLE_IDENTIFIER = app.elonparks.Ranklist;
				PRODUCT_NAME = "$(TARGET_NAME)";
				SDKROOT = iphoneos;
				SWIFT_SWIFT3_OBJC_INFERENCE = On;
				SWIFT_VERSION = 4.2;
				TARGETED_DEVICE_FAMILY = "1,2";
			};
			name = Debug;
		};
		335DDF1C1C3FCDE900750514 /* Release */ = {
			isa = XCBuildConfiguration;
			baseConfigurationReference = 99F10ED274DBE8EA39473273 /* Pods-Ranklist.release.xcconfig */;
			buildSettings = {
				ALWAYS_EMBED_SWIFT_STANDARD_LIBRARIES = "$(inherited)";
				ASSETCATALOG_COMPILER_APPICON_NAME = AppIcon;
				DEVELOPMENT_TEAM = M77W68G9P5;
				INFOPLIST_FILE = Ranklist/Info.plist;
				IPHONEOS_DEPLOYMENT_TARGET = 9.0;
				LD_RUNPATH_SEARCH_PATHS = "$(inherited) @executable_path/Frameworks";
				PRODUCT_BUNDLE_IDENTIFIER = app.elonparks.Ranklist;
				PRODUCT_NAME = "$(TARGET_NAME)";
				SDKROOT = iphoneos;
				SWIFT_SWIFT3_OBJC_INFERENCE = On;
				SWIFT_VERSION = 4.2;
				TARGETED_DEVICE_FAMILY = "1,2";
			};
			name = Release;
		};
		335DDF1E1C3FCDE900750514 /* Debug */ = {
			isa = XCBuildConfiguration;
			buildSettings = {
				BUNDLE_LOADER = "$(TEST_HOST)";
				INFOPLIST_FILE = RanklistTests/Info.plist;
				LD_RUNPATH_SEARCH_PATHS = "$(inherited) @executable_path/Frameworks @loader_path/Frameworks";
				PRODUCT_BUNDLE_IDENTIFIER = me.blog.tjddns1222.RanklistTests;
				PRODUCT_NAME = "$(TARGET_NAME)";
				SWIFT_VERSION = 3.0;
				TEST_HOST = "$(BUILT_PRODUCTS_DIR)/Ranklist.app/Ranklist";
			};
			name = Debug;
		};
		335DDF1F1C3FCDE900750514 /* Release */ = {
			isa = XCBuildConfiguration;
			buildSettings = {
				BUNDLE_LOADER = "$(TEST_HOST)";
				INFOPLIST_FILE = RanklistTests/Info.plist;
				LD_RUNPATH_SEARCH_PATHS = "$(inherited) @executable_path/Frameworks @loader_path/Frameworks";
				PRODUCT_BUNDLE_IDENTIFIER = me.blog.tjddns1222.RanklistTests;
				PRODUCT_NAME = "$(TARGET_NAME)";
				SWIFT_VERSION = 3.0;
				TEST_HOST = "$(BUILT_PRODUCTS_DIR)/Ranklist.app/Ranklist";
			};
			name = Release;
		};
		335DDF211C3FCDE900750514 /* Debug */ = {
			isa = XCBuildConfiguration;
			buildSettings = {
				INFOPLIST_FILE = RanklistUITests/Info.plist;
				LD_RUNPATH_SEARCH_PATHS = "$(inherited) @executable_path/Frameworks @loader_path/Frameworks";
				PRODUCT_BUNDLE_IDENTIFIER = me.blog.tjddns1222.RanklistUITests;
				PRODUCT_NAME = "$(TARGET_NAME)";
				SWIFT_VERSION = 3.0;
				TEST_TARGET_NAME = Ranklist;
				USES_XCTRUNNER = YES;
			};
			name = Debug;
		};
		335DDF221C3FCDE900750514 /* Release */ = {
			isa = XCBuildConfiguration;
			buildSettings = {
				INFOPLIST_FILE = RanklistUITests/Info.plist;
				LD_RUNPATH_SEARCH_PATHS = "$(inherited) @executable_path/Frameworks @loader_path/Frameworks";
				PRODUCT_BUNDLE_IDENTIFIER = me.blog.tjddns1222.RanklistUITests;
				PRODUCT_NAME = "$(TARGET_NAME)";
				SWIFT_VERSION = 3.0;
				TEST_TARGET_NAME = Ranklist;
				USES_XCTRUNNER = YES;
			};
			name = Release;
		};
/* End XCBuildConfiguration section */

/* Begin XCConfigurationList section */
		332261991DF9A7FD00ADF27D /* Build configuration list for PBXNativeTarget "RankWidget" */ = {
			isa = XCConfigurationList;
			buildConfigurations = (
				332261971DF9A7FD00ADF27D /* Debug */,
				332261981DF9A7FD00ADF27D /* Release */,
			);
			defaultConfigurationIsVisible = 0;
			defaultConfigurationName = Release;
		};
		335DDEED1C3FCDE800750514 /* Build configuration list for PBXProject "Ranklist" */ = {
			isa = XCConfigurationList;
			buildConfigurations = (
				335DDF181C3FCDE900750514 /* Debug */,
				335DDF191C3FCDE900750514 /* Release */,
			);
			defaultConfigurationIsVisible = 0;
			defaultConfigurationName = Release;
		};
		335DDF1A1C3FCDE900750514 /* Build configuration list for PBXNativeTarget "Ranklist" */ = {
			isa = XCConfigurationList;
			buildConfigurations = (
				335DDF1B1C3FCDE900750514 /* Debug */,
				335DDF1C1C3FCDE900750514 /* Release */,
			);
			defaultConfigurationIsVisible = 0;
			defaultConfigurationName = Release;
		};
		335DDF1D1C3FCDE900750514 /* Build configuration list for PBXNativeTarget "RanklistTests" */ = {
			isa = XCConfigurationList;
			buildConfigurations = (
				335DDF1E1C3FCDE900750514 /* Debug */,
				335DDF1F1C3FCDE900750514 /* Release */,
			);
			defaultConfigurationIsVisible = 0;
			defaultConfigurationName = Release;
		};
		335DDF201C3FCDE900750514 /* Build configuration list for PBXNativeTarget "RanklistUITests" */ = {
			isa = XCConfigurationList;
			buildConfigurations = (
				335DDF211C3FCDE900750514 /* Debug */,
				335DDF221C3FCDE900750514 /* Release */,
			);
			defaultConfigurationIsVisible = 0;
			defaultConfigurationName = Release;
		};
/* End XCConfigurationList section */
	};
	rootObject = 335DDEEA1C3FCDE800750514 /* Project object */;
}
